
Microsoft Visual Studio Solution File, Format Version 12.00
# Visual Studio Version 16
VisualStudioVersion = 16.0.29215.179
MinimumVisualStudioVersion = 10.0.40219.1
Project("{FAE04EC0-301F-11D3-BF4B-00C04F79EFBC}") = "GameCaroLANServer", "GameCaroLANServer\GameCaroLANServer.csproj", "{AB54A899-BCFB-47AD-9664-7828F6BDD495}"
EndProject
Global
	GlobalSection(SolutionConfigurationPlatforms) = preSolution
		Debug|Any CPU = Debug|Any CPU
		Release|Any CPU = Release|Any CPU
	EndGlobalSection
	GlobalSection(ProjectConfigurationPlatforms) = postSolution
		{AB54A899-BCFB-47AD-9664-7828F6BDD495}.Debug|Any CPU.ActiveCfg = Debug|Any CPU
		{AB54A899-BCFB-47AD-9664-7828F6BDD495}.Debug|Any CPU.Build.0 = Debug|Any CPU
		{AB54A899-BCFB-47AD-9664-7828F6BDD495}.Release|Any CPU.ActiveCfg = Release|Any CPU
		{AB54A899-BCFB-47AD-9664-7828F6BDD495}.Release|Any CPU.Build.0 = Release|Any CPU
	EndGlobalSection
	GlobalSection(SolutionProperties) = preSolution
		HideSolutionNode = FALSE
	EndGlobalSection
	GlobalSection(ExtensibilityGlobals) = postSolution
		SolutionGuid = {90CBA019-EB25-4B7B-9006-700FF73927A2}
	EndGlobalSection
EndGlobal
